
Microsoft Visual Studio Solution File, Format Version 12.00
# Visual Studio 15
VisualStudioVersion = 15.0.28010.2046
MinimumVisualStudioVersion = 10.0.40219.1
Project("{FAE04EC0-301F-11D3-BF4B-00C04F79EFBC}") = "SignalRChat", "SignalRChat\SignalRChat.csproj", "{2D912783-E989-45FC-A562-7A6D7CFD307E}"
EndProject
Global
	GlobalSection(SolutionConfigurationPlatforms) = preSolution
		Debug|Any CPU = Debug|Any CPU
		Release|Any CPU = Release|Any CPU
	EndGlobalSection
	GlobalSection(ProjectConfigurationPlatforms) = postSolution
		{2D912783-E989-45FC-A562-7A6D7CFD307E}.Debug|Any CPU.ActiveCfg = Debug|Any CPU
		{2D912783-E989-45FC-A562-7A6D7CFD307E}.Debug|Any CPU.Build.0 = Debug|Any CPU
		{2D912783-E989-45FC-A562-7A6D7CFD307E}.Release|Any CPU.ActiveCfg = Release|Any CPU
		{2D912783-E989-45FC-A562-7A6D7CFD307E}.Release|Any CPU.Build.0 = Release|Any CPU
	EndGlobalSection
	GlobalSection(SolutionProperties) = preSolution
		HideSolutionNode = FALSE
	EndGlobalSection
	GlobalSection(ExtensibilityGlobals) = postSolution
		SolutionGuid = {FA207286-878F-4883-A05C-4A7B03C2D0F8}
	EndGlobalSection
EndGlobal
